{
  "object": {
    "pins": [
      {
        "package": "LookInside-Release",
        "repositoryURL": "https://github.com/LookInsideApp/LookInside-Release.git",
        "state": {
          "branch": null,
          "revision": "7514cfa8bd24a78f74d8b982c429e7d61ef58134",
          "version": "0.2.2"
        }
      }
    ]
  },
  "version": 1
}
